
Microsoft Visual Studio Solution File, Format Version 12.00
# Visual Studio Version 17
VisualStudioVersion = 17.14.36511.14 d17.14
MinimumVisualStudioVersion = 10.0.40219.1
Project("{FAE04EC0-301F-11D3-BF4B-00C04F79EFBC}") = "longDelayUI", "longDelayUI\longDelayUI.csproj", "{67250B60-908C-407F-B8E3-251B7DF99F6E}"
EndProject
Project("{FAE04EC0-301F-11D3-BF4B-00C04F79EFBC}") = "longDelayTests", "longDelayTests\longDelayTests.csproj", "{FB646D4D-D8B5-4868-A8A5-89BFE0EA0DDC}"
EndProject
Global
	GlobalSection(SolutionConfigurationPlatforms) = preSolution
		Debug|Any CPU = Debug|Any CPU
		Release|Any CPU = Release|Any CPU
	EndGlobalSection
	GlobalSection(ProjectConfigurationPlatforms) = postSolution
		{67250B60-908C-407F-B8E3-251B7DF99F6E}.Debug|Any CPU.ActiveCfg = Debug|Any CPU
		{67250B60-908C-407F-B8E3-251B7DF99F6E}.Debug|Any CPU.Build.0 = Debug|Any CPU
		{67250B60-908C-407F-B8E3-251B7DF99F6E}.Release|Any CPU.ActiveCfg = Release|Any CPU
		{67250B60-908C-407F-B8E3-251B7DF99F6E}.Release|Any CPU.Build.0 = Release|Any CPU
		{FB646D4D-D8B5-4868-A8A5-89BFE0EA0DDC}.Debug|Any CPU.ActiveCfg = Debug|Any CPU
		{FB646D4D-D8B5-4868-A8A5-89BFE0EA0DDC}.Debug|Any CPU.Build.0 = Debug|Any CPU
		{FB646D4D-D8B5-4868-A8A5-89BFE0EA0DDC}.Release|Any CPU.ActiveCfg = Release|Any CPU
		{FB646D4D-D8B5-4868-A8A5-89BFE0EA0DDC}.Release|Any CPU.Build.0 = Release|Any CPU
	EndGlobalSection
	GlobalSection(SolutionProperties) = preSolution
		HideSolutionNode = FALSE
	EndGlobalSection
	GlobalSection(ExtensibilityGlobals) = postSolution
		SolutionGuid = {9F484F95-3CAC-4B88-A1B0-E114AA3C25AD}
	EndGlobalSection
EndGlobal
